// !$*UTF8*$!
{
	archiveVersion = 1;
	classes = {
	};
	objectVersion = 46;
	objects = {

/* Begin PBXBuildFile section */
		0280C883172E6B73009B652B /* AccountViewController.m in Sources */ = {isa = PBXBuildFile; fileRef = 0280C882172E6B73009B652B /* AccountViewController.m */; };
		0280C889172E88B3009B652B /* PARSAppsTableViewController.m in Sources */ = {isa = PBXBuildFile; fileRef = 0280C888172E88B3009B652B /* PARSAppsTableViewController.m */; };
		028C83CA172D84BA001588C2 /* AppCell.m in Sources */ = {isa = PBXBuildFile; fileRef = 028C83C9172D84BA001588C2 /* AppCell.m */; };
		029291E0172C7DA9000E866B /* UIKit.framework in Frameworks */ = {isa = PBXBuildFile; fileRef = 029291DF172C7DA9000E866B /* UIKit.framework */; };
		029291E2172C7DA9000E866B /* Foundation.framework in Frameworks */ = {isa = PBXBuildFile; fileRef = 029291E1172C7DA9000E866B /* Foundation.framework */; };
		029291E4172C7DA9000E866B /* CoreGraphics.framework in Frameworks */ = {isa = PBXBuildFile; fileRef = 029291E3172C7DA9000E866B /* CoreGraphics.framework */; };
		029291EA172C7DA9000E866B /* InfoPlist.strings in Resources */ = {isa = PBXBuildFile; fileRef = 029291E8172C7DA9000E866B /* InfoPlist.strings */; };
		029291EC172C7DA9000E866B /* main.m in Sources */ = {isa = PBXBuildFile; fileRef = 029291EB172C7DA9000E866B /* main.m */; };
		029291F0172C7DA9000E866B /* AppDelegate.m in Sources */ = {isa = PBXBuildFile; fileRef = 029291EF172C7DA9000E866B /* AppDelegate.m */; };
		029291F2172C7DA9000E866B /* Default.png in Resources */ = {isa = PBXBuildFile; fileRef = 029291F1172C7DA9000E866B /* Default.png */; };
		029291F4172C7DA9000E866B /* Default@2x.png in Resources */ = {isa = PBXBuildFile; fileRef = 029291F3172C7DA9000E866B /* Default@2x.png */; };
		029291F6172C7DA9000E866B /* Default-568h@2x.png in Resources */ = {isa = PBXBuildFile; fileRef = 029291F5172C7DA9000E866B /* Default-568h@2x.png */; };
		029291F9172C7DA9000E866B /* MainStoryboard.storyboard in Resources */ = {isa = PBXBuildFile; fileRef = 029291F7172C7DA9000E866B /* MainStoryboard.storyboard */; };
		02929204172C7DDA000E866B /* LoginViewController.m in Sources */ = {isa = PBXBuildFile; fileRef = 02929203172C7DDA000E866B /* LoginViewController.m */; };
		02929207172C895E000E866B /* PARSDatabase.m in Sources */ = {isa = PBXBuildFile; fileRef = 02929206172C895E000E866B /* PARSDatabase.m */; };
		02929210172CF259000E866B /* PARSUserData.m in Sources */ = {isa = PBXBuildFile; fileRef = 0292920F172CF259000E866B /* PARSUserData.m */; };
		02929215172CF8E0000E866B /* libsqlite3.dylib in Frameworks */ = {isa = PBXBuildFile; fileRef = 02929214172CF8E0000E866B /* libsqlite3.dylib */; };
		02E06868173130140046F0DD /* AppDetailViewController.m in Sources */ = {isa = PBXBuildFile; fileRef = 02E06867173130140046F0DD /* AppDetailViewController.m */; };
		02E068A01731ECEA0046F0DD /* PARS.sqlite in Resources */ = {isa = PBXBuildFile; fileRef = 02E0689F1731ECEA0046F0DD /* PARS.sqlite */; };
/* End PBXBuildFile section */

/* Begin PBXFileReference section */
		0280C881172E6B73009B652B /* AccountViewController.h */ = {isa = PBXFileReference; fileEncoding = 4; lastKnownFileType = sourcecode.c.h; path = AccountViewController.h; sourceTree = "<group>"; };
		0280C882172E6B73009B652B /* AccountViewController.m */ = {isa = PBXFileReference; fileEncoding = 4; lastKnownFileType = sourcecode.c.objc; path = AccountViewController.m; sourceTree = "<group>"; };
		0280C887172E88B2009B652B /* PARSAppsTableViewController.h */ = {isa = PBXFileReference; fileEncoding = 4; lastKnownFileType = sourcecode.c.h; path = PARSAppsTableViewController.h; sourceTree = "<group>"; };
		0280C888172E88B3009B652B /* PARSAppsTableViewController.m */ = {isa = PBXFileReference; fileEncoding = 4; lastKnownFileType = sourcecode.c.objc; path = PARSAppsTableViewController.m; sourceTree = "<group>"; };
		028C83C8172D84BA001588C2 /* AppCell.h */ = {isa = PBXFileReference; fileEncoding = 4; lastKnownFileType = sourcecode.c.h; path = AppCell.h; sourceTree = "<group>"; };
		028C83C9172D84BA001588C2 /* AppCell.m */ = {isa = PBXFileReference; fileEncoding = 4; lastKnownFileType = sourcecode.c.objc; path = AppCell.m; sourceTree = "<group>"; };
		029291DC172C7DA9000E866B /* PARS.app */ = {isa = PBXFileReference; explicitFileType = wrapper.application; includeInIndex = 0; path = PARS.app; sourceTree = BUILT_PRODUCTS_DIR; };
		029291DF172C7DA9000E866B /* UIKit.framework */ = {isa = PBXFileReference; lastKnownFileType = wrapper.framework; name = UIKit.framework; path = System/Library/Frameworks/UIKit.framework; sourceTree = SDKROOT; };
		029291E1172C7DA9000E866B /* Foundation.framework */ = {isa = PBXFileReference; lastKnownFileType = wrapper.framework; name = Foundation.framework; path = System/Library/Frameworks/Foundation.framework; sourceTree = SDKROOT; };
		029291E3172C7DA9000E866B /* CoreGraphics.framework */ = {isa = PBXFileReference; lastKnownFileType = wrapper.framework; name = CoreGraphics.framework; path = System/Library/Frameworks/CoreGraphics.framework; sourceTree = SDKROOT; };
		029291E7172C7DA9000E866B /* PARS-Info.plist */ = {isa = PBXFileReference; lastKnownFileType = text.plist.xml; path = "PARS-Info.plist"; sourceTree = "<group>"; };
		029291E9172C7DA9000E866B /* en */ = {isa = PBXFileReference; lastKnownFileType = text.plist.strings; name = en; path = en.lproj/InfoPlist.strings; sourceTree = "<group>"; };
		029291EB172C7DA9000E866B /* main.m */ = {isa = PBXFileReference; lastKnownFileType = sourcecode.c.objc; path = main.m; sourceTree = "<group>"; };
		029291ED172C7DA9000E866B /* PARS-Prefix.pch */ = {isa = PBXFileReference; lastKnownFileType = sourcecode.c.h; path = "PARS-Prefix.pch"; sourceTree = "<group>"; };
		029291EE172C7DA9000E866B /* AppDelegate.h */ = {isa = PBXFileReference; lastKnownFileType = sourcecode.c.h; path = AppDelegate.h; sourceTree = "<group>"; };
		029291EF172C7DA9000E866B /* AppDelegate.m */ = {isa = PBXFileReference; lastKnownFileType = sourcecode.c.objc; path = AppDelegate.m; sourceTree = "<group>"; };
		029291F1172C7DA9000E866B /* Default.png */ = {isa = PBXFileReference; lastKnownFileType = image.png; path = Default.png; sourceTree = "<group>"; };
		029291F3172C7DA9000E866B /* Default@2x.png */ = {isa = PBXFileReference; lastKnownFileType = image.png; path = "Default@2x.png"; sourceTree = "<group>"; };
		029291F5172C7DA9000E866B /* Default-568h@2x.png */ = {isa = PBXFileReference; lastKnownFileType = image.png; path = "Default-568h@2x.png"; sourceTree = "<group>"; };
		029291F8172C7DA9000E866B /* en */ = {isa = PBXFileReference; lastKnownFileType = file.storyboard; name = en; path = en.lproj/MainStoryboard.storyboard; sourceTree = "<group>"; };
		02929202172C7DDA000E866B /* LoginViewController.h */ = {isa = PBXFileReference; fileEncoding = 4; lastKnownFileType = sourcecode.c.h; path = LoginViewController.h; sourceTree = "<group>"; };
		02929203172C7DDA000E866B /* LoginViewController.m */ = {isa = PBXFileReference; fileEncoding = 4; lastKnownFileType = sourcecode.c.objc; path = LoginViewController.m; sourceTree = "<group>"; };
		02929205172C895E000E866B /* PARSDatabase.h */ = {isa = PBXFileReference; fileEncoding = 4; lastKnownFileType = sourcecode.c.h; path = PARSDatabase.h; sourceTree = "<group>"; };
		02929206172C895E000E866B /* PARSDatabase.m */ = {isa = PBXFileReference; fileEncoding = 4; lastKnownFileType = sourcecode.c.objc; path = PARSDatabase.m; sourceTree = "<group>"; };
		0292920E172CF259000E866B /* PARSUserData.h */ = {isa = PBXFileReference; fileEncoding = 4; lastKnownFileType = sourcecode.c.h; path = PARSUserData.h; sourceTree = "<group>"; };
		0292920F172CF259000E866B /* PARSUserData.m */ = {isa = PBXFileReference; fileEncoding = 4; lastKnownFileType = sourcecode.c.objc; path = PARSUserData.m; sourceTree = "<group>"; };
		02929214172CF8E0000E866B /* libsqlite3.dylib */ = {isa = PBXFileReference; lastKnownFileType = "compiled.mach-o.dylib"; name = libsqlite3.dylib; path = usr/lib/libsqlite3.dylib; sourceTree = SDKROOT; };
		02E06866173130140046F0DD /* AppDetailViewController.h */ = {isa = PBXFileReference; fileEncoding = 4; lastKnownFileType = sourcecode.c.h; path = AppDetailViewController.h; sourceTree = "<group>"; };
		02E06867173130140046F0DD /* AppDetailViewController.m */ = {isa = PBXFileReference; fileEncoding = 4; lastKnownFileType = sourcecode.c.objc; path = AppDetailViewController.m; sourceTree = "<group>"; };
		02E0689F1731ECEA0046F0DD /* PARS.sqlite */ = {isa = PBXFileReference; lastKnownFileType = file; path = PARS.sqlite; sourceTree = "<group>"; };
/* End PBXFileReference section */

/* Begin PBXFrameworksBuildPhase section */
		029291D9172C7DA9000E866B /* Frameworks */ = {
			isa = PBXFrameworksBuildPhase;
			buildActionMask = 2147483647;
			files = (
				029291E0172C7DA9000E866B /* UIKit.framework in Frameworks */,
				029291E2172C7DA9000E866B /* Foundation.framework in Frameworks */,
				029291E4172C7DA9000E866B /* CoreGraphics.framework in Frameworks */,
				02929215172CF8E0000E866B /* libsqlite3.dylib in Frameworks */,
			);
			runOnlyForDeploymentPostprocessing = 0;
		};
/* End PBXFrameworksBuildPhase section */

/* Begin PBXGroup section */
		029291D3172C7DA9000E866B = {
			isa = PBXGroup;
			children = (
				029291E5172C7DA9000E866B /* PARS */,
				029291DE172C7DA9000E866B /* Frameworks */,
				029291DD172C7DA9000E866B /* Products */,
			);
			sourceTree = "<group>";
		};
		029291DD172C7DA9000E866B /* Products */ = {
			isa = PBXGroup;
			children = (
				029291DC172C7DA9000E866B /* PARS.app */,
			);
			name = Products;
			sourceTree = "<group>";
		};
		029291DE172C7DA9000E866B /* Frameworks */ = {
			isa = PBXGroup;
			children = (
				02929214172CF8E0000E866B /* libsqlite3.dylib */,
				029291DF172C7DA9000E866B /* UIKit.framework */,
				029291E1172C7DA9000E866B /* Foundation.framework */,
				029291E3172C7DA9000E866B /* CoreGraphics.framework */,
			);
			name = Frameworks;
			sourceTree = "<group>";
		};
		029291E5172C7DA9000E866B /* PARS */ = {
			isa = PBXGroup;
			children = (
				029291EE172C7DA9000E866B /* AppDelegate.h */,
				029291EF172C7DA9000E866B /* AppDelegate.m */,
				029291F7172C7DA9000E866B /* MainStoryboard.storyboard */,
				02929202172C7DDA000E866B /* LoginViewController.h */,
				02929203172C7DDA000E866B /* LoginViewController.m */,
				0280C881172E6B73009B652B /* AccountViewController.h */,
				0280C882172E6B73009B652B /* AccountViewController.m */,
				028C83C8172D84BA001588C2 /* AppCell.h */,
				028C83C9172D84BA001588C2 /* AppCell.m */,
				0280C887172E88B2009B652B /* PARSAppsTableViewController.h */,
				0280C888172E88B3009B652B /* PARSAppsTableViewController.m */,
				02E06866173130140046F0DD /* AppDetailViewController.h */,
				02E06867173130140046F0DD /* AppDetailViewController.m */,
				02929205172C895E000E866B /* PARSDatabase.h */,
				02929206172C895E000E866B /* PARSDatabase.m */,
				0292920E172CF259000E866B /* PARSUserData.h */,
				0292920F172CF259000E866B /* PARSUserData.m */,
				029291E6172C7DA9000E866B /* Supporting Files */,
			);
			path = PARS;
			sourceTree = "<group>";
		};
		029291E6172C7DA9000E866B /* Supporting Files */ = {
			isa = PBXGroup;
			children = (
				02E0689F1731ECEA0046F0DD /* PARS.sqlite */,
				029291E7172C7DA9000E866B /* PARS-Info.plist */,
				029291E8172C7DA9000E866B /* InfoPlist.strings */,
				029291EB172C7DA9000E866B /* main.m */,
				029291ED172C7DA9000E866B /* PARS-Prefix.pch */,
				029291F1172C7DA9000E866B /* Default.png */,
				029291F3172C7DA9000E866B /* Default@2x.png */,
				029291F5172C7DA9000E866B /* Default-568h@2x.png */,
			);
			name = "Supporting Files";
			sourceTree = "<group>";
		};
/* End PBXGroup section */

/* Begin PBXNativeTarget section */
		029291DB172C7DA9000E866B /* PARS */ = {
			isa = PBXNativeTarget;
			buildConfigurationList = 029291FF172C7DA9000E866B /* Build configuration list for PBXNativeTarget "PARS" */;
			buildPhases = (
				029291D8172C7DA9000E866B /* Sources */,
				029291D9172C7DA9000E866B /* Frameworks */,
				029291DA172C7DA9000E866B /* Resources */,
			);
			buildRules = (
			);
			dependencies = (
			);
			name = PARS;
			productName = PARS;
			productReference = 029291DC172C7DA9000E866B /* PARS.app */;
			productType = "com.apple.product-type.application";
		};
/* End PBXNativeTarget section */

/* Begin PBXProject section */
		029291D4172C7DA9000E866B /* Project object */ = {
			isa = PBXProject;
			attributes = {
				LastUpgradeCheck = 0460;
				ORGANIZATIONNAME = Project;
			};
			buildConfigurationList = 029291D7172C7DA9000E866B /* Build configuration list for PBXProject "PARS" */;
			compatibilityVersion = "Xcode 3.2";
			developmentRegion = English;
			hasScannedForEncodings = 0;
			knownRegions = (
				en,
			);
			mainGroup = 029291D3172C7DA9000E866B;
			productRefGroup = 029291DD172C7DA9000E866B /* Products */;
			projectDirPath = "";
			projectRoot = "";
			targets = (
				029291DB172C7DA9000E866B /* PARS */,
			);
		};
/* End PBXProject section */

/* Begin PBXResourcesBuildPhase section */
		029291DA172C7DA9000E866B /* Resources */ = {
			isa = PBXResourcesBuildPhase;
			buildActionMask = 2147483647;
			files = (
				029291EA172C7DA9000E866B /* InfoPlist.strings in Resources */,
				029291F2172C7DA9000E866B /* Default.png in Resources */,
				029291F4172C7DA9000E866B /* Default@2x.png in Resources */,
				029291F6172C7DA9000E866B /* Default-568h@2x.png in Resources */,
				029291F9172C7DA9000E866B /* MainStoryboard.storyboard in Resources */,
				02E068A01731ECEA0046F0DD /* PARS.sqlite in Resources */,
			);
			runOnlyForDeploymentPostprocessing = 0;
		};
/* End PBXResourcesBuildPhase section */

/* Begin PBXSourcesBuildPhase section */
		029291D8172C7DA9000E866B /* Sources */ = {
			isa = PBXSourcesBuildPhase;
			buildActionMask = 2147483647;
			files = (
				029291EC172C7DA9000E866B /* main.m in Sources */,
				029291F0172C7DA9000E866B /* AppDelegate.m in Sources */,
				02929204172C7DDA000E866B /* LoginViewController.m in Sources */,
				02929207172C895E000E866B /* PARSDatabase.m in Sources */,
				02929210172CF259000E866B /* PARSUserData.m in Sources */,
				028C83CA172D84BA001588C2 /* AppCell.m in Sources */,
				0280C883172E6B73009B652B /* AccountViewController.m in Sources */,
				0280C889172E88B3009B652B /* PARSAppsTableViewController.m in Sources */,
				02E06868173130140046F0DD /* AppDetailViewController.m in Sources */,
			);
			runOnlyForDeploymentPostprocessing = 0;
		};
/* End PBXSourcesBuildPhase section */

/* Begin PBXVariantGroup section */
		029291E8172C7DA9000E866B /* InfoPlist.strings */ = {
			isa = PBXVariantGroup;
			children = (
				029291E9172C7DA9000E866B /* en */,
			);
			name = InfoPlist.strings;
			sourceTree = "<group>";
		};
		029291F7172C7DA9000E866B /* MainStoryboard.storyboard */ = {
			isa = PBXVariantGroup;
			children = (
				029291F8172C7DA9000E866B /* en */,
			);
			name = MainStoryboard.storyboard;
			sourceTree = "<group>";
		};
/* End PBXVariantGroup section */

/* Begin XCBuildConfiguration section */
		029291FD172C7DA9000E866B /* Debug */ = {
			isa = XCBuildConfiguration;
			buildSettings = {
				ALWAYS_SEARCH_USER_PATHS = NO;
				CLANG_CXX_LANGUAGE_STANDARD = "gnu++0x";
				CLANG_CXX_LIBRARY = "libc++";
				CLANG_ENABLE_OBJC_ARC = YES;
				CLANG_WARN_CONSTANT_CONVERSION = YES;
				CLANG_WARN_EMPTY_BODY = YES;
				CLANG_WARN_ENUM_CONVERSION = YES;
				CLANG_WARN_INT_CONVERSION = YES;
				CLANG_WARN__DUPLICATE_METHOD_MATCH = YES;
				CODE_SIGN_IDENTITY = "iPhone Developer";
				"CODE_SIGN_IDENTITY[sdk=iphoneos*]" = "iPhone Developer";
				COPY_PHASE_STRIP = NO;
				GCC_C_LANGUAGE_STANDARD = gnu99;
				GCC_DYNAMIC_NO_PIC = NO;
				GCC_OPTIMIZATION_LEVEL = 0;
				GCC_PREPROCESSOR_DEFINITIONS = (
					"DEBUG=1",
					"$(inherited)",
				);
				GCC_SYMBOLS_PRIVATE_EXTERN = NO;
				GCC_WARN_ABOUT_RETURN_TYPE = YES;
				GCC_WARN_UNINITIALIZED_AUTOS = YES;
				GCC_WARN_UNUSED_VARIABLE = YES;
				IPHONEOS_DEPLOYMENT_TARGET = 6.1;
				ONLY_ACTIVE_ARCH = YES;
				PROVISIONING_PROFILE = "";
				SDKROOT = iphoneos;
			};
			name = Debug;
		};
		029291FE172C7DA9000E866B /* Release */ = {
			isa = XCBuildConfiguration;
			buildSettings = {
				ALWAYS_SEARCH_USER_PATHS = NO;
				CLANG_CXX_LANGUAGE_STANDARD = "gnu++0x";
				CLANG_CXX_LIBRARY = "libc++";
				CLANG_ENABLE_OBJC_ARC = YES;
				CLANG_WARN_CONSTANT_CONVERSION = YES;
				CLANG_WARN_EMPTY_BODY = YES;
				CLANG_WARN_ENUM_CONVERSION = YES;
				CLANG_WARN_INT_CONVERSION = YES;
				CLANG_WARN__DUPLICATE_METHOD_MATCH = YES;
				CODE_SIGN_IDENTITY = "iPhone Developer: Xinchao Liu (WN9G4N2QA8)";
				"CODE_SIGN_IDENTITY[sdk=iphoneos6.1]" = "iPhone Developer: Xinchao Liu (WN9G4N2QA8)";
				COPY_PHASE_STRIP = YES;
				GCC_C_LANGUAGE_STANDARD = gnu99;
				GCC_WARN_ABOUT_RETURN_TYPE = YES;
				GCC_WARN_UNINITIALIZED_AUTOS = YES;
				GCC_WARN_UNUSED_VARIABLE = YES;
				IPHONEOS_DEPLOYMENT_TARGET = 6.1;
				OTHER_CFLAGS = "-DNS_BLOCK_ASSERTIONS=1";
				PROVISIONING_PROFILE = "";
				"PROVISIONING_PROFILE[sdk=iphoneos6.1]" = "";
				SDKROOT = iphoneos;
				VALIDATE_PRODUCT = YES;
			};
			name = Release;
		};
		02929200172C7DA9000E866B /* Debug */ = {
			isa = XCBuildConfiguration;
			buildSettings = {
				GCC_PRECOMPILE_PREFIX_HEADER = YES;
				GCC_PREFIX_HEADER = "PARS/PARS-Prefix.pch";
				INFOPLIST_FILE = "PARS/PARS-Info.plist";
				LIBRARY_SEARCH_PATHS = (
					"$(inherited)",
					"\"$(SRCROOT)\"",
				);
				PRODUCT_NAME = "$(TARGET_NAME)";
				WRAPPER_EXTENSION = app;
			};
			name = Debug;
		};
		02929201172C7DA9000E866B /* Release */ = {
			isa = XCBuildConfiguration;
			buildSettings = {
				GCC_PRECOMPILE_PREFIX_HEADER = YES;
				GCC_PREFIX_HEADER = "PARS/PARS-Prefix.pch";
				INFOPLIST_FILE = "PARS/PARS-Info.plist";
				LIBRARY_SEARCH_PATHS = (
					"$(inherited)",
					"\"$(SRCROOT)\"",
				);
				PRODUCT_NAME = "$(TARGET_NAME)";
				WRAPPER_EXTENSION = app;
			};
			name = Release;
		};
/* End XCBuildConfiguration section */

/* Begin XCConfigurationList section */
		029291D7172C7DA9000E866B /* Build configuration list for PBXProject "PARS" */ = {
			isa = XCConfigurationList;
			buildConfigurations = (
				029291FD172C7DA9000E866B /* Debug */,
				029291FE172C7DA9000E866B /* Release */,
			);
			defaultConfigurationIsVisible = 0;
			defaultConfigurationName = Release;
		};
		029291FF172C7DA9000E866B /* Build configuration list for PBXNativeTarget "PARS" */ = {
			isa = XCConfigurationList;
			buildConfigurations = (
				02929200172C7DA9000E866B /* Debug */,
				02929201172C7DA9000E866B /* Release */,
			);
			defaultConfigurationIsVisible = 0;
			defaultConfigurationName = Release;
		};
/* End XCConfigurationList section */
	};
	rootObject = 029291D4172C7DA9000E866B /* Project object */;
}
